
Microsoft Visual Studio Solution File, Format Version 12.00
# Visual Studio Version 17
VisualStudioVersion = 17.8.34408.163
MinimumVisualStudioVersion = 10.0.40219.1
Project("{FAE04EC0-301F-11D3-BF4B-00C04F79EFBC}") = "OrgHirarchy_WinForm", "OrgHirarchy_WinForm\OrgHirarchy_WinForm.csproj", "{83CAF25D-C216-4287-BECE-4EEA0DFB2DFF}"
EndProject
Global
	GlobalSection(SolutionConfigurationPlatforms) = preSolution
		Debug|Any CPU = Debug|Any CPU
		Release|Any CPU = Release|Any CPU
	EndGlobalSection
	GlobalSection(ProjectConfigurationPlatforms) = postSolution
		{83CAF25D-C216-4287-BECE-4EEA0DFB2DFF}.Debug|Any CPU.ActiveCfg = Debug|Any CPU
		{83CAF25D-C216-4287-BECE-4EEA0DFB2DFF}.Debug|Any CPU.Build.0 = Debug|Any CPU
		{83CAF25D-C216-4287-BECE-4EEA0DFB2DFF}.Release|Any CPU.ActiveCfg = Release|Any CPU
		{83CAF25D-C216-4287-BECE-4EEA0DFB2DFF}.Release|Any CPU.Build.0 = Release|Any CPU
	EndGlobalSection
	GlobalSection(SolutionProperties) = preSolution
		HideSolutionNode = FALSE
	EndGlobalSection
	GlobalSection(ExtensibilityGlobals) = postSolution
		SolutionGuid = {E4BBC4F4-71AA-477B-856E-1BF4F69D6EB9}
	EndGlobalSection
EndGlobal
